
Microsoft Visual Studio Solution File, Format Version 12.00
# Visual Studio Version 17
VisualStudioVersion = 17.14.36127.28 d17.14
MinimumVisualStudioVersion = 10.0.40219.1
Project("{FAE04EC0-301F-11D3-BF4B-00C04F79EFBC}") = "Copilot", "Copilot.csproj", "{074199F4-7E81-4332-8158-5C666C91C518}"
EndProject
Global
	GlobalSection(SolutionConfigurationPlatforms) = preSolution
		Debug|Any CPU = Debug|Any CPU
		Release|Any CPU = Release|Any CPU
	EndGlobalSection
	GlobalSection(ProjectConfigurationPlatforms) = postSolution
		{074199F4-7E81-4332-8158-5C666C91C518}.Debug|Any CPU.ActiveCfg = Debug|Any CPU
		{074199F4-7E81-4332-8158-5C666C91C518}.Debug|Any CPU.Build.0 = Debug|Any CPU
		{074199F4-7E81-4332-8158-5C666C91C518}.Release|Any CPU.ActiveCfg = Release|Any CPU
		{074199F4-7E81-4332-8158-5C666C91C518}.Release|Any CPU.Build.0 = Release|Any CPU
	EndGlobalSection
	GlobalSection(SolutionProperties) = preSolution
		HideSolutionNode = FALSE
	EndGlobalSection
	GlobalSection(ExtensibilityGlobals) = postSolution
		SolutionGuid = {E2917DCF-C673-48BF-AE32-8A5B4FEB414C}
	EndGlobalSection
EndGlobal
